
Microsoft Visual Studio Solution File, Format Version 12.00
# Visual Studio 2013
VisualStudioVersion = 12.0.30501.0
MinimumVisualStudioVersion = 10.0.40219.1
Project("{FAE04EC0-301F-11D3-BF4B-00C04F79EFBC}") = "CustomerService.Web", "CustomerService.Web\CustomerService.Web.csproj", "{1B690500-5D5B-4D56-B8F6-0600C99FB272}"
EndProject
Project("{FAE04EC0-301F-11D3-BF4B-00C04F79EFBC}") = "CustomerService.Web.Tests", "CustomerService.Web.Tests\CustomerService.Web.Tests.csproj", "{403159F1-6A10-44E6-918C-3672B47BEEE2}"
EndProject
Project("{2150E333-8FDC-42A3-9474-1A3956D46DE8}") = ".nuget", ".nuget", "{80A030C8-F9DC-45B8-A25E-C46F109181B2}"
	ProjectSection(SolutionItems) = preProject
		.nuget\NuGet.Config = .nuget\NuGet.Config
		.nuget\NuGet.exe = .nuget\NuGet.exe
		.nuget\NuGet.targets = .nuget\NuGet.targets
	EndProjectSection
EndProject
Project("{FAE04EC0-301F-11D3-BF4B-00C04F79EFBC}") = "CustomerService.DAL", "CustomerService.DAL\CustomerService.DAL.csproj", "{64058BA2-30B8-4A35-8D4C-CB4F6D6D7442}"
EndProject
Global
	GlobalSection(SolutionConfigurationPlatforms) = preSolution
		Debug|Any CPU = Debug|Any CPU
		Release|Any CPU = Release|Any CPU
	EndGlobalSection
	GlobalSection(ProjectConfigurationPlatforms) = postSolution
		{1B690500-5D5B-4D56-B8F6-0600C99FB272}.Debug|Any CPU.ActiveCfg = Debug|Any CPU
		{1B690500-5D5B-4D56-B8F6-0600C99FB272}.Debug|Any CPU.Build.0 = Debug|Any CPU
		{1B690500-5D5B-4D56-B8F6-0600C99FB272}.Release|Any CPU.ActiveCfg = Release|Any CPU
		{1B690500-5D5B-4D56-B8F6-0600C99FB272}.Release|Any CPU.Build.0 = Release|Any CPU
		{403159F1-6A10-44E6-918C-3672B47BEEE2}.Debug|Any CPU.ActiveCfg = Debug|Any CPU
		{403159F1-6A10-44E6-918C-3672B47BEEE2}.Debug|Any CPU.Build.0 = Debug|Any CPU
		{403159F1-6A10-44E6-918C-3672B47BEEE2}.Release|Any CPU.ActiveCfg = Release|Any CPU
		{403159F1-6A10-44E6-918C-3672B47BEEE2}.Release|Any CPU.Build.0 = Release|Any CPU
		{64058BA2-30B8-4A35-8D4C-CB4F6D6D7442}.Debug|Any CPU.ActiveCfg = Debug|Any CPU
		{64058BA2-30B8-4A35-8D4C-CB4F6D6D7442}.Debug|Any CPU.Build.0 = Debug|Any CPU
		{64058BA2-30B8-4A35-8D4C-CB4F6D6D7442}.Release|Any CPU.ActiveCfg = Release|Any CPU
		{64058BA2-30B8-4A35-8D4C-CB4F6D6D7442}.Release|Any CPU.Build.0 = Release|Any CPU
	EndGlobalSection
	GlobalSection(SolutionProperties) = preSolution
		HideSolutionNode = FALSE
	EndGlobalSection
EndGlobal
